
Microsoft Visual Studio Solution File, Format Version 12.00
# Visual Studio 15
VisualStudioVersion = 15.0.27130.2027
MinimumVisualStudioVersion = 10.0.40219.1
Project("{FAE04EC0-301F-11D3-BF4B-00C04F79EFBC}") = "dotnet.o3sse", "dotnet.o3sse\dotnet.o3sse.csproj", "{4F4E6094-2AD8-487B-9786-6EAF6EA98BD4}"
EndProject
Global
	GlobalSection(SolutionConfigurationPlatforms) = preSolution
		Debug|Any CPU = Debug|Any CPU
		Release|Any CPU = Release|Any CPU
	EndGlobalSection
	GlobalSection(ProjectConfigurationPlatforms) = postSolution
		{4F4E6094-2AD8-487B-9786-6EAF6EA98BD4}.Debug|Any CPU.ActiveCfg = Debug|Any CPU
		{4F4E6094-2AD8-487B-9786-6EAF6EA98BD4}.Debug|Any CPU.Build.0 = Debug|Any CPU
		{4F4E6094-2AD8-487B-9786-6EAF6EA98BD4}.Release|Any CPU.ActiveCfg = Release|Any CPU
		{4F4E6094-2AD8-487B-9786-6EAF6EA98BD4}.Release|Any CPU.Build.0 = Release|Any CPU
	EndGlobalSection
	GlobalSection(SolutionProperties) = preSolution
		HideSolutionNode = FALSE
	EndGlobalSection
	GlobalSection(ExtensibilityGlobals) = postSolution
		SolutionGuid = {C7AF0AF6-B973-4EA3-B4F0-BF7F2850A45A}
	EndGlobalSection
EndGlobal
